
Microsoft Visual Studio Solution File, Format Version 12.00
# Visual Studio 15
VisualStudioVersion = 15.0.26430.14
MinimumVisualStudioVersion = 10.0.40219.1
Project("{FAE04EC0-301F-11D3-BF4B-00C04F79EFBC}") = "GCIntegrationApp", "GCIntegrationApp\GCIntegrationApp.csproj", "{A5F919D5-9086-4FBE-816B-7700893509EA}"
EndProject
Project("{FAE04EC0-301F-11D3-BF4B-00C04F79EFBC}") = "GCIntegration.Web", "GCIntegration.Web\GCIntegration.Web.csproj", "{79F7966C-A41E-47AA-BFF4-94854F5BAD63}"
EndProject
Global
	GlobalSection(SolutionConfigurationPlatforms) = preSolution
		Debug|Any CPU = Debug|Any CPU
		Release|Any CPU = Release|Any CPU
	EndGlobalSection
	GlobalSection(ProjectConfigurationPlatforms) = postSolution
		{A5F919D5-9086-4FBE-816B-7700893509EA}.Debug|Any CPU.ActiveCfg = Debug|Any CPU
		{A5F919D5-9086-4FBE-816B-7700893509EA}.Debug|Any CPU.Build.0 = Debug|Any CPU
		{A5F919D5-9086-4FBE-816B-7700893509EA}.Release|Any CPU.ActiveCfg = Release|Any CPU
		{A5F919D5-9086-4FBE-816B-7700893509EA}.Release|Any CPU.Build.0 = Release|Any CPU
		{79F7966C-A41E-47AA-BFF4-94854F5BAD63}.Debug|Any CPU.ActiveCfg = Debug|Any CPU
		{79F7966C-A41E-47AA-BFF4-94854F5BAD63}.Debug|Any CPU.Build.0 = Debug|Any CPU
		{79F7966C-A41E-47AA-BFF4-94854F5BAD63}.Release|Any CPU.ActiveCfg = Release|Any CPU
		{79F7966C-A41E-47AA-BFF4-94854F5BAD63}.Release|Any CPU.Build.0 = Release|Any CPU
	EndGlobalSection
	GlobalSection(SolutionProperties) = preSolution
		HideSolutionNode = FALSE
	EndGlobalSection
EndGlobal
